// !$*UTF8*$!
{
	archiveVersion = 1;
	classes = {
	};
	objectVersion = 50;
	objects = {

/* Begin PBXBuildFile section */
		7952B60F94DEFCF4708C849F /* Pods_PoseNet.framework in Frameworks */ = {isa = PBXBuildFile; fileRef = 17B16AA2085F01B31FD19AE2 /* Pods_PoseNet.framework */; };
		CA304FDC20A9B8CD0073FD62 /* PriorityQueue.swift in Sources */ = {isa = PBXBuildFile; fileRef = CA304FDB20A9B8CD0073FD62 /* PriorityQueue.swift */; };
		CA304FE020A9B99A0073FD62 /* Heap.swift in Sources */ = {isa = PBXBuildFile; fileRef = CA304FDF20A9B99A0073FD62 /* Heap.swift */; };
		CA84FA9A20A921DB004CFED7 /* AppDelegate.swift in Sources */ = {isa = PBXBuildFile; fileRef = CA84FA9920A921DB004CFED7 /* AppDelegate.swift */; };
		CA84FA9C20A921DB004CFED7 /* ViewController.swift in Sources */ = {isa = PBXBuildFile; fileRef = CA84FA9B20A921DB004CFED7 /* ViewController.swift */; };
		CA84FA9F20A921DB004CFED7 /* Main.storyboard in Resources */ = {isa = PBXBuildFile; fileRef = CA84FA9D20A921DB004CFED7 /* Main.storyboard */; };
		CA84FAA120A921DE004CFED7 /* Assets.xcassets in Resources */ = {isa = PBXBuildFile; fileRef = CA84FAA020A921DE004CFED7 /* Assets.xcassets */; };
		CA84FAA420A921DE004CFED7 /* LaunchScreen.storyboard in Resources */ = {isa = PBXBuildFile; fileRef = CA84FAA220A921DE004CFED7 /* LaunchScreen.storyboard */; };
		CA84FAAC20A92219004CFED7 /* tennis_in_crowd.jpg in Resources */ = {isa = PBXBuildFile; fileRef = CA84FAAB20A92219004CFED7 /* tennis_in_crowd.jpg */; };
		CA84FAAF20A9227A004CFED7 /* posenet.mlmodel in Sources */ = {isa = PBXBuildFile; fileRef = CA84FAAE20A9227A004CFED7 /* posenet.mlmodel */; };
		CA84FAB120A9234B004CFED7 /* DecodePose.swift in Sources */ = {isa = PBXBuildFile; fileRef = CA84FAB020A9234B004CFED7 /* DecodePose.swift */; };
		CA84FAB420A92379004CFED7 /* Types.swift in Sources */ = {isa = PBXBuildFile; fileRef = CA84FAB320A92378004CFED7 /* Types.swift */; };
		CA84FAB620A9237F004CFED7 /* BuildPartWithScoreQueue.swift in Sources */ = {isa = PBXBuildFile; fileRef = CA84FAB520A9237F004CFED7 /* BuildPartWithScoreQueue.swift */; };
		CA84FAB820A923A6004CFED7 /* Util.swift in Sources */ = {isa = PBXBuildFile; fileRef = CA84FAB720A923A6004CFED7 /* Util.swift */; };
		CA84FAC320A9266A004CFED7 /* DecodeMultiPoses.swift in Sources */ = {isa = PBXBuildFile; fileRef = CA84FAC220A9266A004CFED7 /* DecodeMultiPoses.swift */; };
		CA84FAC520A928C9004CFED7 /* Commont.swift in Sources */ = {isa = PBXBuildFile; fileRef = CA84FAC420A928C9004CFED7 /* Commont.swift */; };
		CA84FAC720A962D2004CFED7 /* UIImage+CVPixelBuffer.swift in Sources */ = {isa = PBXBuildFile; fileRef = CA84FAC620A962D2004CFED7 /* UIImage+CVPixelBuffer.swift */; };
		CA84FACC20A9776A004CFED7 /* offsets.bin in Resources */ = {isa = PBXBuildFile; fileRef = CA84FAC820A9776A004CFED7 /* offsets.bin */; };
		CA84FACD20A9776A004CFED7 /* displacementsFwd.bin in Resources */ = {isa = PBXBuildFile; fileRef = CA84FAC920A9776A004CFED7 /* displacementsFwd.bin */; };
		CA84FACE20A9776A004CFED7 /* displacementsBwd.bin in Resources */ = {isa = PBXBuildFile; fileRef = CA84FACA20A9776A004CFED7 /* displacementsBwd.bin */; };
		CA84FACF20A9776A004CFED7 /* heatmapScores.bin in Resources */ = {isa = PBXBuildFile; fileRef = CA84FACB20A9776A004CFED7 /* heatmapScores.bin */; };
/* End PBXBuildFile section */

/* Begin PBXContainerItemProxy section */
		CA84FABE20A9254E004CFED7 /* PBXContainerItemProxy */ = {
			isa = PBXContainerItemProxy;
			containerPortal = CA84FAB920A9254D004CFED7 /* Pods.xcodeproj */;
			proxyType = 2;
			remoteGlobalIDString = E34CCCBFC4BCD9C4D6A3215312B4C315;
			remoteInfo = "Pods-PoseNet";
		};
		CA84FAC020A9254E004CFED7 /* PBXContainerItemProxy */ = {
			isa = PBXContainerItemProxy;
			containerPortal = CA84FAB920A9254D004CFED7 /* Pods.xcodeproj */;
			proxyType = 2;
			remoteGlobalIDString = C54E610F526C260AD73675B86172ABE7;
			remoteInfo = TensorSwift;
		};
/* End PBXContainerItemProxy section */

/* Begin PBXFileReference section */
		17B16AA2085F01B31FD19AE2 /* Pods_PoseNet.framework */ = {isa = PBXFileReference; explicitFileType = wrapper.framework; includeInIndex = 0; path = Pods_PoseNet.framework; sourceTree = BUILT_PRODUCTS_DIR; };
		1D7E89123A3F83BE226BAD5C /* Pods-PoseNet.debug.xcconfig */ = {isa = PBXFileReference; includeInIndex = 1; lastKnownFileType = text.xcconfig; name = "Pods-PoseNet.debug.xcconfig"; path = "Pods/Target Support Files/Pods-PoseNet/Pods-PoseNet.debug.xcconfig"; sourceTree = "<group>"; };
		4F161A57CC8DD5AA246BF99E /* Pods-PoseNet.release.xcconfig */ = {isa = PBXFileReference; includeInIndex = 1; lastKnownFileType = text.xcconfig; name = "Pods-PoseNet.release.xcconfig"; path = "Pods/Target Support Files/Pods-PoseNet/Pods-PoseNet.release.xcconfig"; sourceTree = "<group>"; };
		CA304FDB20A9B8CD0073FD62 /* PriorityQueue.swift */ = {isa = PBXFileReference; lastKnownFileType = sourcecode.swift; path = PriorityQueue.swift; sourceTree = "<group>"; };
		CA304FDF20A9B99A0073FD62 /* Heap.swift */ = {isa = PBXFileReference; fileEncoding = 4; lastKnownFileType = sourcecode.swift; path = Heap.swift; sourceTree = "<group>"; };
		CA84FA9620A921DB004CFED7 /* PoseNet.app */ = {isa = PBXFileReference; explicitFileType = wrapper.application; includeInIndex = 0; path = PoseNet.app; sourceTree = BUILT_PRODUCTS_DIR; };
		CA84FA9920A921DB004CFED7 /* AppDelegate.swift */ = {isa = PBXFileReference; lastKnownFileType = sourcecode.swift; path = AppDelegate.swift; sourceTree = "<group>"; };
		CA84FA9B20A921DB004CFED7 /* ViewController.swift */ = {isa = PBXFileReference; lastKnownFileType = sourcecode.swift; path = ViewController.swift; sourceTree = "<group>"; };
		CA84FA9E20A921DB004CFED7 /* Base */ = {isa = PBXFileReference; lastKnownFileType = file.storyboard; name = Base; path = Base.lproj/Main.storyboard; sourceTree = "<group>"; };
		CA84FAA020A921DE004CFED7 /* Assets.xcassets */ = {isa = PBXFileReference; lastKnownFileType = folder.assetcatalog; path = Assets.xcassets; sourceTree = "<group>"; };
		CA84FAA320A921DE004CFED7 /* Base */ = {isa = PBXFileReference; lastKnownFileType = file.storyboard; name = Base; path = Base.lproj/LaunchScreen.storyboard; sourceTree = "<group>"; };
		CA84FAA520A921DE004CFED7 /* Info.plist */ = {isa = PBXFileReference; lastKnownFileType = text.plist.xml; path = Info.plist; sourceTree = "<group>"; };
		CA84FAAB20A92219004CFED7 /* tennis_in_crowd.jpg */ = {isa = PBXFileReference; lastKnownFileType = image.jpeg; path = tennis_in_crowd.jpg; sourceTree = "<group>"; };
		CA84FAAE20A9227A004CFED7 /* posenet.mlmodel */ = {isa = PBXFileReference; lastKnownFileType = file.mlmodel; name = posenet.mlmodel; path = ../../../models/posenet.mlmodel; sourceTree = "<group>"; };
		CA84FAB020A9234B004CFED7 /* DecodePose.swift */ = {isa = PBXFileReference; fileEncoding = 4; lastKnownFileType = sourcecode.swift; path = DecodePose.swift; sourceTree = "<group>"; };
		CA84FAB320A92378004CFED7 /* Types.swift */ = {isa = PBXFileReference; fileEncoding = 4; lastKnownFileType = sourcecode.swift; path = Types.swift; sourceTree = "<group>"; };
		CA84FAB520A9237F004CFED7 /* BuildPartWithScoreQueue.swift */ = {isa = PBXFileReference; fileEncoding = 4; lastKnownFileType = sourcecode.swift; path = BuildPartWithScoreQueue.swift; sourceTree = "<group>"; };
		CA84FAB720A923A6004CFED7 /* Util.swift */ = {isa = PBXFileReference; lastKnownFileType = sourcecode.swift; path = Util.swift; sourceTree = "<group>"; };
		CA84FAB920A9254D004CFED7 /* Pods.xcodeproj */ = {isa = PBXFileReference; lastKnownFileType = "wrapper.pb-project"; name = Pods.xcodeproj; path = Pods/Pods.xcodeproj; sourceTree = "<group>"; };
		CA84FAC220A9266A004CFED7 /* DecodeMultiPoses.swift */ = {isa = PBXFileReference; lastKnownFileType = sourcecode.swift; path = DecodeMultiPoses.swift; sourceTree = "<group>"; };
		CA84FAC420A928C9004CFED7 /* Commont.swift */ = {isa = PBXFileReference; lastKnownFileType = sourcecode.swift; path = Commont.swift; sourceTree = "<group>"; };
		CA84FAC620A962D2004CFED7 /* UIImage+CVPixelBuffer.swift */ = {isa = PBXFileReference; fileEncoding = 4; lastKnownFileType = sourcecode.swift; path = "UIImage+CVPixelBuffer.swift"; sourceTree = "<group>"; };
		CA84FAC820A9776A004CFED7 /* offsets.bin */ = {isa = PBXFileReference; lastKnownFileType = archive.macbinary; path = offsets.bin; sourceTree = "<group>"; };
		CA84FAC920A9776A004CFED7 /* displacementsFwd.bin */ = {isa = PBXFileReference; lastKnownFileType = archive.macbinary; path = displacementsFwd.bin; sourceTree = "<group>"; };
		CA84FACA20A9776A004CFED7 /* displacementsBwd.bin */ = {isa = PBXFileReference; lastKnownFileType = archive.macbinary; path = displacementsBwd.bin; sourceTree = "<group>"; };
		CA84FACB20A9776A004CFED7 /* heatmapScores.bin */ = {isa = PBXFileReference; lastKnownFileType = archive.macbinary; path = heatmapScores.bin; sourceTree = "<group>"; };
/* End PBXFileReference section */

/* Begin PBXFrameworksBuildPhase section */
		CA84FA9320A921DB004CFED7 /* Frameworks */ = {
			isa = PBXFrameworksBuildPhase;
			buildActionMask = 2147483647;
			files = (
				7952B60F94DEFCF4708C849F /* Pods_PoseNet.framework in Frameworks */,
			);
			runOnlyForDeploymentPostprocessing = 0;
		};
/* End PBXFrameworksBuildPhase section */

/* Begin PBXGroup section */
		6471F8E8640A84FCC0342F83 /* Frameworks */ = {
			isa = PBXGroup;
			children = (
				17B16AA2085F01B31FD19AE2 /* Pods_PoseNet.framework */,
			);
			name = Frameworks;
			sourceTree = "<group>";
		};
		B86A2CE241C7D4068014668A /* Pods */ = {
			isa = PBXGroup;
			children = (
				1D7E89123A3F83BE226BAD5C /* Pods-PoseNet.debug.xcconfig */,
				4F161A57CC8DD5AA246BF99E /* Pods-PoseNet.release.xcconfig */,
			);
			name = Pods;
			sourceTree = "<group>";
		};
		CA304FE120A9C0090073FD62 /* Vendors */ = {
			isa = PBXGroup;
			children = (
				CA304FDB20A9B8CD0073FD62 /* PriorityQueue.swift */,
				CA304FDF20A9B99A0073FD62 /* Heap.swift */,
				CA84FAC620A962D2004CFED7 /* UIImage+CVPixelBuffer.swift */,
			);
			path = Vendors;
			sourceTree = "<group>";
		};
		CA84FA8D20A921DB004CFED7 = {
			isa = PBXGroup;
			children = (
				CA84FAB920A9254D004CFED7 /* Pods.xcodeproj */,
				CA84FA9820A921DB004CFED7 /* PoseNet */,
				CA84FA9720A921DB004CFED7 /* Products */,
				B86A2CE241C7D4068014668A /* Pods */,
				6471F8E8640A84FCC0342F83 /* Frameworks */,
			);
			sourceTree = "<group>";
		};
		CA84FA9720A921DB004CFED7 /* Products */ = {
			isa = PBXGroup;
			children = (
				CA84FA9620A921DB004CFED7 /* PoseNet.app */,
			);
			name = Products;
			sourceTree = "<group>";
		};
		CA84FA9820A921DB004CFED7 /* PoseNet */ = {
			isa = PBXGroup;
			children = (
				CA84FAB220A92355004CFED7 /* Sources */,
				CA84FAAD20A92224004CFED7 /* Resources */,
				CA84FA9D20A921DB004CFED7 /* Main.storyboard */,
				CA84FAA020A921DE004CFED7 /* Assets.xcassets */,
				CA84FAA220A921DE004CFED7 /* LaunchScreen.storyboard */,
				CA84FAA520A921DE004CFED7 /* Info.plist */,
			);
			path = PoseNet;
			sourceTree = "<group>";
		};
		CA84FAAD20A92224004CFED7 /* Resources */ = {
			isa = PBXGroup;
			children = (
				CA84FACA20A9776A004CFED7 /* displacementsBwd.bin */,
				CA84FAC920A9776A004CFED7 /* displacementsFwd.bin */,
				CA84FACB20A9776A004CFED7 /* heatmapScores.bin */,
				CA84FAC820A9776A004CFED7 /* offsets.bin */,
				CA84FAAB20A92219004CFED7 /* tennis_in_crowd.jpg */,
				CA84FAAE20A9227A004CFED7 /* posenet.mlmodel */,
			);
			path = Resources;
			sourceTree = "<group>";
		};
		CA84FAB220A92355004CFED7 /* Sources */ = {
			isa = PBXGroup;
			children = (
				CA304FE120A9C0090073FD62 /* Vendors */,
				CA84FA9920A921DB004CFED7 /* AppDelegate.swift */,
				CA84FA9B20A921DB004CFED7 /* ViewController.swift */,
				CA84FAB020A9234B004CFED7 /* DecodePose.swift */,
				CA84FAB520A9237F004CFED7 /* BuildPartWithScoreQueue.swift */,
				CA84FAC220A9266A004CFED7 /* DecodeMultiPoses.swift */,
				CA84FAB320A92378004CFED7 /* Types.swift */,
				CA84FAB720A923A6004CFED7 /* Util.swift */,
				CA84FAC420A928C9004CFED7 /* Commont.swift */,
			);
			path = Sources;
			sourceTree = "<group>";
		};
		CA84FABA20A9254D004CFED7 /* Products */ = {
			isa = PBXGroup;
			children = (
				CA84FABF20A9254E004CFED7 /* Pods_PoseNet.framework */,
				CA84FAC120A9254E004CFED7 /* TensorSwift.framework */,
			);
			name = Products;
			sourceTree = "<group>";
		};
/* End PBXGroup section */

/* Begin PBXNativeTarget section */
		CA84FA9520A921DB004CFED7 /* PoseNet */ = {
			isa = PBXNativeTarget;
			buildConfigurationList = CA84FAA820A921DE004CFED7 /* Build configuration list for PBXNativeTarget "PoseNet" */;
			buildPhases = (
				1473BAAC2C480C07BFE77255 /* [CP] Check Pods Manifest.lock */,
				CA84FA9220A921DB004CFED7 /* Sources */,
				CA84FA9320A921DB004CFED7 /* Frameworks */,
				CA84FA9420A921DB004CFED7 /* Resources */,
				5FE4654406A83E80524DE9FC /* [CP] Embed Pods Frameworks */,
			);
			buildRules = (
			);
			dependencies = (
			);
			name = PoseNet;
			productName = PoseNet;
			productReference = CA84FA9620A921DB004CFED7 /* PoseNet.app */;
			productType = "com.apple.product-type.application";
		};
/* End PBXNativeTarget section */

/* Begin PBXProject section */
		CA84FA8E20A921DB004CFED7 /* Project object */ = {
			isa = PBXProject;
			attributes = {
				LastSwiftUpdateCheck = 0930;
				LastUpgradeCheck = 0930;
				ORGANIZATIONNAME = tpomac2017;
				TargetAttributes = {
					CA84FA9520A921DB004CFED7 = {
						CreatedOnToolsVersion = 9.3;
					};
				};
			};
			buildConfigurationList = CA84FA9120A921DB004CFED7 /* Build configuration list for PBXProject "PoseNet" */;
			compatibilityVersion = "Xcode 9.3";
			developmentRegion = en;
			hasScannedForEncodings = 0;
			knownRegions = (
				en,
				Base,
			);
			mainGroup = CA84FA8D20A921DB004CFED7;
			productRefGroup = CA84FA9720A921DB004CFED7 /* Products */;
			projectDirPath = "";
			projectReferences = (
				{
					ProductGroup = CA84FABA20A9254D004CFED7 /* Products */;
					ProjectRef = CA84FAB920A9254D004CFED7 /* Pods.xcodeproj */;
				},
			);
			projectRoot = "";
			targets = (
				CA84FA9520A921DB004CFED7 /* PoseNet */,
			);
		};
/* End PBXProject section */

/* Begin PBXReferenceProxy section */
		CA84FABF20A9254E004CFED7 /* Pods_PoseNet.framework */ = {
			isa = PBXReferenceProxy;
			fileType = wrapper.framework;
			path = Pods_PoseNet.framework;
			remoteRef = CA84FABE20A9254E004CFED7 /* PBXContainerItemProxy */;
			sourceTree = BUILT_PRODUCTS_DIR;
		};
		CA84FAC120A9254E004CFED7 /* TensorSwift.framework */ = {
			isa = PBXReferenceProxy;
			fileType = wrapper.framework;
			path = TensorSwift.framework;
			remoteRef = CA84FAC020A9254E004CFED7 /* PBXContainerItemProxy */;
			sourceTree = BUILT_PRODUCTS_DIR;
		};
/* End PBXReferenceProxy section */

/* Begin PBXResourcesBuildPhase section */
		CA84FA9420A921DB004CFED7 /* Resources */ = {
			isa = PBXResourcesBuildPhase;
			buildActionMask = 2147483647;
			files = (
				CA84FAA420A921DE004CFED7 /* LaunchScreen.storyboard in Resources */,
				CA84FACE20A9776A004CFED7 /* displacementsBwd.bin in Resources */,
				CA84FACC20A9776A004CFED7 /* offsets.bin in Resources */,
				CA84FACD20A9776A004CFED7 /* displacementsFwd.bin in Resources */,
				CA84FAA120A921DE004CFED7 /* Assets.xcassets in Resources */,
				CA84FA9F20A921DB004CFED7 /* Main.storyboard in Resources */,
				CA84FAAC20A92219004CFED7 /* tennis_in_crowd.jpg in Resources */,
				CA84FACF20A9776A004CFED7 /* heatmapScores.bin in Resources */,
			);
			runOnlyForDeploymentPostprocessing = 0;
		};
/* End PBXResourcesBuildPhase section */

/* Begin PBXShellScriptBuildPhase section */
		1473BAAC2C480C07BFE77255 /* [CP] Check Pods Manifest.lock */ = {
			isa = PBXShellScriptBuildPhase;
			buildActionMask = 2147483647;
			files = (
			);
			inputPaths = (
				"${PODS_PODFILE_DIR_PATH}/Podfile.lock",
				"${PODS_ROOT}/Manifest.lock",
			);
			name = "[CP] Check Pods Manifest.lock";
			outputPaths = (
				"$(DERIVED_FILE_DIR)/Pods-PoseNet-checkManifestLockResult.txt",
			);
			runOnlyForDeploymentPostprocessing = 0;
			shellPath = /bin/sh;
			shellScript = "diff \"${PODS_PODFILE_DIR_PATH}/Podfile.lock\" \"${PODS_ROOT}/Manifest.lock\" > /dev/null\nif [ $? != 0 ] ; then\n    # print error to STDERR\n    echo \"error: The sandbox is not in sync with the Podfile.lock. Run 'pod install' or update your CocoaPods installation.\" >&2\n    exit 1\nfi\n# This output is used by Xcode 'outputs' to avoid re-running this script phase.\necho \"SUCCESS\" > \"${SCRIPT_OUTPUT_FILE_0}\"\n";
			showEnvVarsInLog = 0;
		};
		5FE4654406A83E80524DE9FC /* [CP] Embed Pods Frameworks */ = {
			isa = PBXShellScriptBuildPhase;
			buildActionMask = 2147483647;
			files = (
			);
			inputPaths = (
				"${SRCROOT}/Pods/Target Support Files/Pods-PoseNet/Pods-PoseNet-frameworks.sh",
				"${BUILT_PRODUCTS_DIR}/TensorSwift/TensorSwift.framework",
			);
			name = "[CP] Embed Pods Frameworks";
			outputPaths = (
				"${TARGET_BUILD_DIR}/${FRAMEWORKS_FOLDER_PATH}/TensorSwift.framework",
			);
			runOnlyForDeploymentPostprocessing = 0;
			shellPath = /bin/sh;
			shellScript = "\"${SRCROOT}/Pods/Target Support Files/Pods-PoseNet/Pods-PoseNet-frameworks.sh\"\n";
			showEnvVarsInLog = 0;
		};
/* End PBXShellScriptBuildPhase section */

/* Begin PBXSourcesBuildPhase section */
		CA84FA9220A921DB004CFED7 /* Sources */ = {
			isa = PBXSourcesBuildPhase;
			buildActionMask = 2147483647;
			files = (
				CA84FA9C20A921DB004CFED7 /* ViewController.swift in Sources */,
				CA84FA9A20A921DB004CFED7 /* AppDelegate.swift in Sources */,
				CA84FAC320A9266A004CFED7 /* DecodeMultiPoses.swift in Sources */,
				CA304FE020A9B99A0073FD62 /* Heap.swift in Sources */,
				CA84FAB620A9237F004CFED7 /* BuildPartWithScoreQueue.swift in Sources */,
				CA84FAC520A928C9004CFED7 /* Commont.swift in Sources */,
				CA84FAB120A9234B004CFED7 /* DecodePose.swift in Sources */,
				CA304FDC20A9B8CD0073FD62 /* PriorityQueue.swift in Sources */,
				CA84FAB820A923A6004CFED7 /* Util.swift in Sources */,
				CA84FAC720A962D2004CFED7 /* UIImage+CVPixelBuffer.swift in Sources */,
				CA84FAB420A92379004CFED7 /* Types.swift in Sources */,
				CA84FAAF20A9227A004CFED7 /* posenet.mlmodel in Sources */,
			);
			runOnlyForDeploymentPostprocessing = 0;
		};
/* End PBXSourcesBuildPhase section */

/* Begin PBXVariantGroup section */
		CA84FA9D20A921DB004CFED7 /* Main.storyboard */ = {
			isa = PBXVariantGroup;
			children = (
				CA84FA9E20A921DB004CFED7 /* Base */,
			);
			name = Main.storyboard;
			sourceTree = "<group>";
		};
		CA84FAA220A921DE004CFED7 /* LaunchScreen.storyboard */ = {
			isa = PBXVariantGroup;
			children = (
				CA84FAA320A921DE004CFED7 /* Base */,
			);
			name = LaunchScreen.storyboard;
			sourceTree = "<group>";
		};
/* End PBXVariantGroup section */

/* Begin XCBuildConfiguration section */
		CA84FAA620A921DE004CFED7 /* Debug */ = {
			isa = XCBuildConfiguration;
			buildSettings = {
				ALWAYS_SEARCH_USER_PATHS = NO;
				CLANG_ANALYZER_NONNULL = YES;
				CLANG_ANALYZER_NUMBER_OBJECT_CONVERSION = YES_AGGRESSIVE;
				CLANG_CXX_LANGUAGE_STANDARD = "gnu++14";
				CLANG_CXX_LIBRARY = "libc++";
				CLANG_ENABLE_MODULES = YES;
				CLANG_ENABLE_OBJC_ARC = YES;
				CLANG_ENABLE_OBJC_WEAK = YES;
				CLANG_WARN_BLOCK_CAPTURE_AUTORELEASING = YES;
				CLANG_WARN_BOOL_CONVERSION = YES;
				CLANG_WARN_COMMA = YES;
				CLANG_WARN_CONSTANT_CONVERSION = YES;
				CLANG_WARN_DEPRECATED_OBJC_IMPLEMENTATIONS = YES;
				CLANG_WARN_DIRECT_OBJC_ISA_USAGE = YES_ERROR;
				CLANG_WARN_DOCUMENTATION_COMMENTS = YES;
				CLANG_WARN_EMPTY_BODY = YES;
				CLANG_WARN_ENUM_CONVERSION = YES;
				CLANG_WARN_INFINITE_RECURSION = YES;
				CLANG_WARN_INT_CONVERSION = YES;
				CLANG_WARN_NON_LITERAL_NULL_CONVERSION = YES;
				CLANG_WARN_OBJC_IMPLICIT_RETAIN_SELF = YES;
				CLANG_WARN_OBJC_LITERAL_CONVERSION = YES;
				CLANG_WARN_OBJC_ROOT_CLASS = YES_ERROR;
				CLANG_WARN_RANGE_LOOP_ANALYSIS = YES;
				CLANG_WARN_STRICT_PROTOTYPES = YES;
				CLANG_WARN_SUSPICIOUS_MOVE = YES;
				CLANG_WARN_UNGUARDED_AVAILABILITY = YES_AGGRESSIVE;
				CLANG_WARN_UNREACHABLE_CODE = YES;
				CLANG_WARN__DUPLICATE_METHOD_MATCH = YES;
				CODE_SIGN_IDENTITY = "iPhone Developer";
				COPY_PHASE_STRIP = NO;
				DEBUG_INFORMATION_FORMAT = dwarf;
				ENABLE_STRICT_OBJC_MSGSEND = YES;
				ENABLE_TESTABILITY = YES;
				GCC_C_LANGUAGE_STANDARD = gnu11;
				GCC_DYNAMIC_NO_PIC = NO;
				GCC_NO_COMMON_BLOCKS = YES;
				GCC_OPTIMIZATION_LEVEL = 0;
				GCC_PREPROCESSOR_DEFINITIONS = (
					"DEBUG=1",
					"$(inherited)",
				);
				GCC_WARN_64_TO_32_BIT_CONVERSION = YES;
				GCC_WARN_ABOUT_RETURN_TYPE = YES_ERROR;
				GCC_WARN_UNDECLARED_SELECTOR = YES;
				GCC_WARN_UNINITIALIZED_AUTOS = YES_AGGRESSIVE;
				GCC_WARN_UNUSED_FUNCTION = YES;
				GCC_WARN_UNUSED_VARIABLE = YES;
				IPHONEOS_DEPLOYMENT_TARGET = 11.3;
				MTL_ENABLE_DEBUG_INFO = YES;
				ONLY_ACTIVE_ARCH = YES;
				SDKROOT = iphoneos;
				SWIFT_ACTIVE_COMPILATION_CONDITIONS = DEBUG;
				SWIFT_OPTIMIZATION_LEVEL = "-Onone";
			};
			name = Debug;
		};
		CA84FAA720A921DE004CFED7 /* Release */ = {
			isa = XCBuildConfiguration;
			buildSettings = {
				ALWAYS_SEARCH_USER_PATHS = NO;
				CLANG_ANALYZER_NONNULL = YES;
				CLANG_ANALYZER_NUMBER_OBJECT_CONVERSION = YES_AGGRESSIVE;
				CLANG_CXX_LANGUAGE_STANDARD = "gnu++14";
				CLANG_CXX_LIBRARY = "libc++";
				CLANG_ENABLE_MODULES = YES;
				CLANG_ENABLE_OBJC_ARC = YES;
				CLANG_ENABLE_OBJC_WEAK = YES;
				CLANG_WARN_BLOCK_CAPTURE_AUTORELEASING = YES;
				CLANG_WARN_BOOL_CONVERSION = YES;
				CLANG_WARN_COMMA = YES;
				CLANG_WARN_CONSTANT_CONVERSION = YES;
				CLANG_WARN_DEPRECATED_OBJC_IMPLEMENTATIONS = YES;
				CLANG_WARN_DIRECT_OBJC_ISA_USAGE = YES_ERROR;
				CLANG_WARN_DOCUMENTATION_COMMENTS = YES;
				CLANG_WARN_EMPTY_BODY = YES;
				CLANG_WARN_ENUM_CONVERSION = YES;
				CLANG_WARN_INFINITE_RECURSION = YES;
				CLANG_WARN_INT_CONVERSION = YES;
				CLANG_WARN_NON_LITERAL_NULL_CONVERSION = YES;
				CLANG_WARN_OBJC_IMPLICIT_RETAIN_SELF = YES;
				CLANG_WARN_OBJC_LITERAL_CONVERSION = YES;
				CLANG_WARN_OBJC_ROOT_CLASS = YES_ERROR;
				CLANG_WARN_RANGE_LOOP_ANALYSIS = YES;
				CLANG_WARN_STRICT_PROTOTYPES = YES;
				CLANG_WARN_SUSPICIOUS_MOVE = YES;
				CLANG_WARN_UNGUARDED_AVAILABILITY = YES_AGGRESSIVE;
				CLANG_WARN_UNREACHABLE_CODE = YES;
				CLANG_WARN__DUPLICATE_METHOD_MATCH = YES;
				CODE_SIGN_IDENTITY = "iPhone Developer";
				COPY_PHASE_STRIP = NO;
				DEBUG_INFORMATION_FORMAT = "dwarf-with-dsym";
				ENABLE_NS_ASSERTIONS = NO;
				ENABLE_STRICT_OBJC_MSGSEND = YES;
				GCC_C_LANGUAGE_STANDARD = gnu11;
				GCC_NO_COMMON_BLOCKS = YES;
				GCC_WARN_64_TO_32_BIT_CONVERSION = YES;
				GCC_WARN_ABOUT_RETURN_TYPE = YES_ERROR;
				GCC_WARN_UNDECLARED_SELECTOR = YES;
				GCC_WARN_UNINITIALIZED_AUTOS = YES_AGGRESSIVE;
				GCC_WARN_UNUSED_FUNCTION = YES;
				GCC_WARN_UNUSED_VARIABLE = YES;
				IPHONEOS_DEPLOYMENT_TARGET = 11.3;
				MTL_ENABLE_DEBUG_INFO = NO;
				SDKROOT = iphoneos;
				SWIFT_COMPILATION_MODE = wholemodule;
				SWIFT_OPTIMIZATION_LEVEL = "-O";
				VALIDATE_PRODUCT = YES;
			};
			name = Release;
		};
		CA84FAA920A921DE004CFED7 /* Debug */ = {
			isa = XCBuildConfiguration;
			baseConfigurationReference = 1D7E89123A3F83BE226BAD5C /* Pods-PoseNet.debug.xcconfig */;
			buildSettings = {
				ASSETCATALOG_COMPILER_APPICON_NAME = AppIcon;
				CODE_SIGN_STYLE = Automatic;
				DEVELOPMENT_TEAM = KC7CYU5P84;
				INFOPLIST_FILE = PoseNet/Info.plist;
				LD_RUNPATH_SEARCH_PATHS = (
					"$(inherited)",
					"@executable_path/Frameworks",
				);
				PRODUCT_BUNDLE_IDENTIFIER = jp.co.infocom.tpo.o2.PoseNet;
				PRODUCT_NAME = "$(TARGET_NAME)";
				SWIFT_VERSION = 4.0;
				TARGETED_DEVICE_FAMILY = "1,2";
			};
			name = Debug;
		};
		CA84FAAA20A921DE004CFED7 /* Release */ = {
			isa = XCBuildConfiguration;
			baseConfigurationReference = 4F161A57CC8DD5AA246BF99E /* Pods-PoseNet.release.xcconfig */;
			buildSettings = {
				ASSETCATALOG_COMPILER_APPICON_NAME = AppIcon;
				CODE_SIGN_STYLE = Automatic;
				DEVELOPMENT_TEAM = KC7CYU5P84;
				INFOPLIST_FILE = PoseNet/Info.plist;
				LD_RUNPATH_SEARCH_PATHS = (
					"$(inherited)",
					"@executable_path/Frameworks",
				);
				PRODUCT_BUNDLE_IDENTIFIER = jp.co.infocom.tpo.o2.PoseNet;
				PRODUCT_NAME = "$(TARGET_NAME)";
				SWIFT_VERSION = 4.0;
				TARGETED_DEVICE_FAMILY = "1,2";
			};
			name = Release;
		};
/* End XCBuildConfiguration section */

/* Begin XCConfigurationList section */
		CA84FA9120A921DB004CFED7 /* Build configuration list for PBXProject "PoseNet" */ = {
			isa = XCConfigurationList;
			buildConfigurations = (
				CA84FAA620A921DE004CFED7 /* Debug */,
				CA84FAA720A921DE004CFED7 /* Release */,
			);
			defaultConfigurationIsVisible = 0;
			defaultConfigurationName = Release;
		};
		CA84FAA820A921DE004CFED7 /* Build configuration list for PBXNativeTarget "PoseNet" */ = {
			isa = XCConfigurationList;
			buildConfigurations = (
				CA84FAA920A921DE004CFED7 /* Debug */,
				CA84FAAA20A921DE004CFED7 /* Release */,
			);
			defaultConfigurationIsVisible = 0;
			defaultConfigurationName = Release;
		};
/* End XCConfigurationList section */
	};
	rootObject = CA84FA8E20A921DB004CFED7 /* Project object */;
}
